{
  "lockfileVersion": 1,
  "configVersion": 1,
  "workspaces": {
    "": {
      "name": "castro-monorepo",
      "devDependencies": {
        "@biomejs/biome": "2.5.1",
        "@types/bun": "^1.3.12",
        "prettier": "3.9.0",
        "typescript": "^6.0.2",
      },
    },
    "core": {
      "name": "@vktrz/castro",
      "version": "0.1.0",
      "bin": {
        "castro": "./bin/castro",
      },
      "dependencies": {
        "preact": "^10",
        "preact-render-to-string": "^6.5.12",
      },
      "devDependencies": {
        "knip": "^5.83.0",
      },
    },
    "packages/castro-dsl": {
      "name": "@vktrz/castro-dsl",
      "version": "0.1.0",
      "dependencies": {
        "node-html-parser": "^8.0.4",
      },
      "devDependencies": {
        "@happy-dom/global-registrator": "^20.10.6",
        "@vktrz/castro-jsx": "workspace:*",
        "@vktrz/signals": "workspace:*",
      },
    },
    "packages/castro-jsx": {
      "name": "@vktrz/castro-jsx",
      "version": "0.1.0",
      "dependencies": {
        "@vktrz/signals": "workspace:*",
      },
    },
    "packages/create-castro": {
      "name": "create-castro",
      "version": "0.2.0",
      "bin": {
        "create-castro": "./index.js",
      },
    },
    "packages/signals": {
      "name": "@vktrz/signals",
      "version": "0.1.0",
    },
    "tests/errors/empty-layouts-dir": {
      "name": "@test-errors/empty-layouts-dir",
      "version": "0.0.0",
      "dependencies": {
        "@vktrz/castro": "workspace:*",
        "preact": "^10",
      },
    },
    "tests/errors/island-import-missing": {
      "name": "@test-errors/island-import-missing",
      "version": "0.0.0",
      "dependencies": {
        "@vktrz/castro": "workspace:*",
        "preact": "^10",
      },
    },
    "tests/errors/island-render-failed": {
      "name": "@test-errors/island-render-failed",
      "version": "0.0.0",
      "dependencies": {
        "@vktrz/castro": "workspace:*",
        "preact": "^10",
      },
    },
    "tests/errors/island-syntax-error": {
      "name": "@test-errors/island-syntax-error",
      "version": "0.0.0",
      "dependencies": {
        "@vktrz/castro": "workspace:*",
        "preact": "^10",
      },
    },
    "tests/errors/layout-no-default": {
      "name": "@test-errors/layout-no-default",
      "version": "0.0.0",
      "dependencies": {
        "@vktrz/castro": "workspace:*",
        "preact": "^10",
      },
    },
    "tests/errors/layout-not-found": {
      "name": "@test-errors/layout-not-found",
      "version": "0.0.0",
      "dependencies": {
        "@vktrz/castro": "workspace:*",
        "preact": "^10",
      },
    },
    "tests/errors/layout-syntax-error": {
      "name": "@test-errors/layout-syntax-error",
      "version": "0.0.0",
      "dependencies": {
        "@vktrz/castro": "workspace:*",
        "preact": "^10",
      },
    },
    "tests/errors/missing-default-layout": {
      "name": "@test-errors/missing-default-layout",
      "version": "0.0.0",
      "dependencies": {
        "@vktrz/castro": "workspace:*",
        "preact": "^10",
      },
    },
    "tests/errors/no-layouts-dir": {
      "name": "@test-errors/no-layouts-dir",
      "version": "0.0.0",
      "dependencies": {
        "@vktrz/castro": "workspace:*",
        "preact": "^10",
      },
    },
    "tests/errors/page-no-default-export": {
      "name": "@test-errors/page-no-default-export",
      "version": "0.0.0",
      "dependencies": {
        "@vktrz/castro": "workspace:*",
        "preact": "^10",
      },
    },
    "tests/errors/page-syntax-error": {
      "name": "@test-errors/page-syntax-error",
      "version": "0.0.0",
      "dependencies": {
        "@vktrz/castro": "workspace:*",
        "preact": "^10",
      },
    },
    "tests/errors/route-conflict": {
      "name": "@test-errors/route-conflicts",
      "version": "0.0.0",
      "dependencies": {
        "@vktrz/castro": "workspace:*",
        "preact": "^10",
      },
    },
    "tests/errors/yaml-broken": {
      "name": "@test-errors/yaml-broken",
      "version": "0.0.0",
      "dependencies": {
        "@vktrz/castro": "workspace:*",
        "preact": "^10",
      },
    },
    "tests/site": {
      "name": "test-site",
      "version": "1.0.0",
      "dependencies": {
        "@preact/signals": "^2.8.1",
        "@vktrz/castro": "workspace:*",
        "preact": "^10",
      },
    },
    "website": {
      "name": "website",
      "version": "1.0.0",
      "dependencies": {
        "@vktrz/castro": "workspace:*",
        "preact": "^10.28.2",
      },
    },
  },
  "packages": {
    "@biomejs/biome": ["@biomejs/biome@2.5.1", "", { "optionalDependencies": { "@biomejs/cli-darwin-arm64": "2.5.1", "@biomejs/cli-darwin-x64": "2.5.1", "@biomejs/cli-linux-arm64": "2.5.1", "@biomejs/cli-linux-arm64-musl": "2.5.1", "@biomejs/cli-linux-x64": "2.5.1", "@biomejs/cli-linux-x64-musl": "2.5.1", "@biomejs/cli-win32-arm64": "2.5.1", "@biomejs/cli-win32-x64": "2.5.1" }, "bin": { "biome": "bin/biome" } }, "sha512-IXWLCxKmae+rI7LOHS1B3EbVisQ6GRAWbhN9msa6KjNCyFWrvKZWR4oUdinaNssrV852OrSHuSPa95h1GPJc7Q=="],

    "@biomejs/cli-darwin-arm64": ["@biomejs/cli-darwin-arm64@2.5.1", "", { "os": "darwin", "cpu": "arm64" }, "sha512-npqDzvqv7vFaWRiNN1Te71siRgPaqS9MpqgYCdP/CrUbkJ7ApezaeaKjueKHRN/JH/6lRjJQAHi8acQDCAz22w=="],

    "@biomejs/cli-darwin-x64": ["@biomejs/cli-darwin-x64@2.5.1", "", { "os": "darwin", "cpu": "x64" }, "sha512-RgwTqPAM8g2tn1j+b5oRjF/DbSBX8a4gwojtuG9XuhfK7GgomvZ9+T+tqjXiVbjLEeGJOoL6VEk8mvRTVeSybw=="],

    "@biomejs/cli-linux-arm64": ["@biomejs/cli-linux-arm64@2.5.1", "", { "os": "linux", "cpu": "arm64" }, "sha512-yhV35CzZh38VyMvTEXi3JTjxZBs++oCKK9KG8vB6VI5+uvQvZNR3BFWEKKzuOmx9DJJj7sQpZ4LQJcmbGTs3+Q=="],

    "@biomejs/cli-linux-arm64-musl": ["@biomejs/cli-linux-arm64-musl@2.5.1", "", { "os": "linux", "cpu": "arm64" }, "sha512-WMcvMLgByyTqVxGlq918NBBYliq9FRR9GAQVETHb+VjGVqXCZFfHlZHC1FX4ibuYY/Hg6TJE3rHU0xVrdJXNRw=="],

    "@biomejs/cli-linux-x64": ["@biomejs/cli-linux-x64@2.5.1", "", { "os": "linux", "cpu": "x64" }, "sha512-J/7uHSX7NfoYDI7HijAkd8lnQIOrRb2W7j3X+tw4R+N5ExvXGsyXFiGdQcfcxfOmNQmZVSQOCDk757fwpzqQcg=="],

    "@biomejs/cli-linux-x64-musl": ["@biomejs/cli-linux-x64-musl@2.5.1", "", { "os": "linux", "cpu": "x64" }, "sha512-ANTowtlLmPYm5yeMckWY8Xzb9Ix+JJP3tgHR/n6xRj1VWyIzzWtfRfih9hv9VmClwadpBvZduISZIbBsIlYG3A=="],

    "@biomejs/cli-win32-arm64": ["@biomejs/cli-win32-arm64@2.5.1", "", { "os": "win32", "cpu": "arm64" }, "sha512-zgXnKNgWPC4iPF7Y1lR3STUeCUuZRpD6IiOrC7TZTlh0Lx6FiVUT05myuMQHQ9D+1cc7uyMldi4forE6lp0ivQ=="],

    "@biomejs/cli-win32-x64": ["@biomejs/cli-win32-x64@2.5.1", "", { "os": "win32", "cpu": "x64" }, "sha512-6uxpR9hvaglANkZemeSiN/FhYgkGasrEGn267eXIWvjrjJ2LhDlk251IhjVJq6MXzkV2/bcXwLwSroLyPtqRZg=="],

    "@emnapi/core": ["@emnapi/core@1.8.1", "", { "dependencies": { "@emnapi/wasi-threads": "1.1.0", "tslib": "^2.4.0" } }, "sha512-AvT9QFpxK0Zd8J0jopedNm+w/2fIzvtPKPjqyw9jwvBaReTTqPBk9Hixaz7KbjimP+QNz605/XnjFcDAL2pqBg=="],

    "@emnapi/runtime": ["@emnapi/runtime@1.8.1", "", { "dependencies": { "tslib": "^2.4.0" } }, "sha512-mehfKSMWjjNol8659Z8KxEMrdSJDDot5SXMq00dM8BN4o+CLNXQ0xH2V7EchNHV4RmbZLmmPdEaXZc5H2FXmDg=="],

    "@emnapi/wasi-threads": ["@emnapi/wasi-threads@1.1.0", "", { "dependencies": { "tslib": "^2.4.0" } }, "sha512-WI0DdZ8xFSbgMjR1sFsKABJ/C5OnRrjT06JXbZKexJGrDuPTzZdDYfFlsgcCXCyf+suG5QU2e/y1Wo2V/OapLQ=="],

    "@happy-dom/global-registrator": ["@happy-dom/global-registrator@20.10.6", "", { "dependencies": { "@types/node": ">=20.0.0", "happy-dom": "^20.10.6" } }, "sha512-Nu/IjRkkNxmeG2ywWsyJSO4d1BrWTqVzxCPL+gXj0b97klhmjd6wLzt6Bx/laNpkZ3WLW7zNCqmtMIbIlahqug=="],

    "@napi-rs/wasm-runtime": ["@napi-rs/wasm-runtime@1.1.1", "", { "dependencies": { "@emnapi/core": "^1.7.1", "@emnapi/runtime": "^1.7.1", "@tybys/wasm-util": "^0.10.1" } }, "sha512-p64ah1M1ld8xjWv3qbvFwHiFVWrq1yFvV4f7w+mzaqiR4IlSgkqhcRdHwsGgomwzBH51sRY4NEowLxnaBjcW/A=="],

    "@nodelib/fs.scandir": ["@nodelib/fs.scandir@2.1.5", "", { "dependencies": { "@nodelib/fs.stat": "2.0.5", "run-parallel": "^1.1.9" } }, "sha512-vq24Bq3ym5HEQm2NKCr3yXDwjc7vTsEThRDnkp2DK9p1uqLR+DHurm/NOTo0KG7HYHU7eppKZj3MyqYuMBf62g=="],

    "@nodelib/fs.stat": ["@nodelib/fs.stat@2.0.5", "", {}, "sha512-RkhPPp2zrqDAQA/2jNhnztcPAlv64XdhIp7a7454A5ovI7Bukxgt7MX7udwAu3zg1DcpPU0rz3VV1SeaqvY4+A=="],

    "@nodelib/fs.walk": ["@nodelib/fs.walk@1.2.8", "", { "dependencies": { "@nodelib/fs.scandir": "2.1.5", "fastq": "^1.6.0" } }, "sha512-oGB+UxlgWcgQkgwo8GcEGwemoTFt3FIO9ababBmaGwXIoBKZ+GTy0pP185beGg7Llih/NSHSV2XAs1lnznocSg=="],

    "@oxc-resolver/binding-android-arm-eabi": ["@oxc-resolver/binding-android-arm-eabi@11.17.0", "", { "os": "android", "cpu": "arm" }, "sha512-kVnY21v0GyZ/+LG6EIO48wK3mE79BUuakHUYLIqobO/Qqq4mJsjuYXMSn3JtLcKZpN1HDVit4UHpGJHef1lrlw=="],

    "@oxc-resolver/binding-android-arm64": ["@oxc-resolver/binding-android-arm64@11.17.0", "", { "os": "android", "cpu": "arm64" }, "sha512-Pf8e3XcsK9a8RHInoAtEcrwf2vp7V9bSturyUUYxw9syW6E7cGi7z9+6ADXxm+8KAevVfLA7pfBg8NXTvz/HOw=="],

    "@oxc-resolver/binding-darwin-arm64": ["@oxc-resolver/binding-darwin-arm64@11.17.0", "", { "os": "darwin", "cpu": "arm64" }, "sha512-lVSgKt3biecofXVr8e1hnfX0IYMd4A6VCxmvOmHsFt5Zbmt0lkO4S2ap2bvQwYDYh5ghUNamC7M2L8K6vishhQ=="],

    "@oxc-resolver/binding-darwin-x64": ["@oxc-resolver/binding-darwin-x64@11.17.0", "", { "os": "darwin", "cpu": "x64" }, "sha512-+/raxVJE1bo7R4fA9Yp0wm3slaCOofTEeUzM01YqEGcRDLHB92WRGjRhagMG2wGlvqFuSiTp81DwSbBVo/g6AQ=="],

    "@oxc-resolver/binding-freebsd-x64": ["@oxc-resolver/binding-freebsd-x64@11.17.0", "", { "os": "freebsd", "cpu": "x64" }, "sha512-x9Ks56n+n8h0TLhzA6sJXa2tGh3uvMGpBppg6PWf8oF0s5S/3p/J6k1vJJ9lIUtTmenfCQEGKnFokpRP4fLTLg=="],

    "@oxc-resolver/binding-linux-arm-gnueabihf": ["@oxc-resolver/binding-linux-arm-gnueabihf@11.17.0", "", { "os": "linux", "cpu": "arm" }, "sha512-Wf3w07Ow9kXVJrS0zmsaFHKOGhXKXE8j1tNyy+qIYDsQWQ4UQZVx5SjlDTcqBnFerlp3Z3Is0RjmVzgoLG3qkA=="],

    "@oxc-resolver/binding-linux-arm-musleabihf": ["@oxc-resolver/binding-linux-arm-musleabihf@11.17.0", "", { "os": "linux", "cpu": "arm" }, "sha512-N0OKA1al1gQ5Gm7Fui1RWlXaHRNZlwMoBLn3TVtSXX+WbnlZoVyDqqOqFL8+pVEHhhxEA2LR8kmM0JO6FAk6dg=="],

    "@oxc-resolver/binding-linux-arm64-gnu": ["@oxc-resolver/binding-linux-arm64-gnu@11.17.0", "", { "os": "linux", "cpu": "arm64" }, "sha512-wdcQ7Niad9JpjZIGEeqKJnTvczVunqlZ/C06QzR5zOQNeLVRScQ9S5IesKWUAPsJQDizV+teQX53nTK+Z5Iy+g=="],

    "@oxc-resolver/binding-linux-arm64-musl": ["@oxc-resolver/binding-linux-arm64-musl@11.17.0", "", { "os": "linux", "cpu": "arm64" }, "sha512-65B2/t39HQN5AEhkLsC+9yBD1iRUkKOIhfmJEJ7g6wQ9kylra7JRmNmALFjbsj0VJsoSQkpM8K07kUZuNJ9Kxw=="],

    "@oxc-resolver/binding-linux-ppc64-gnu": ["@oxc-resolver/binding-linux-ppc64-gnu@11.17.0", "", { "os": "linux", "cpu": "ppc64" }, "sha512-kExgm3TLK21dNMmcH+xiYGbc6BUWvT03PUZ2aYn8mUzGPeeORklBhg3iYcaBI3ZQHB25412X1Z6LLYNjt4aIaA=="],

    "@oxc-resolver/binding-linux-riscv64-gnu": ["@oxc-resolver/binding-linux-riscv64-gnu@11.17.0", "", { "os": "linux", "cpu": "none" }, "sha512-1utUJC714/ydykZQE8c7QhpEyM4SaslMfRXxN9G61KYazr6ndt85LaubK3EZCSD50vVEfF4PVwFysCSO7LN9uA=="],

    "@oxc-resolver/binding-linux-riscv64-musl": ["@oxc-resolver/binding-linux-riscv64-musl@11.17.0", "", { "os": "linux", "cpu": "none" }, "sha512-mayiYOl3LMmtO2CLn4I5lhanfxEo0LAqlT/EQyFbu1ZN3RS+Xa7Q3JEM0wBpVIyfO/pqFrjvC5LXw/mHNDEL7A=="],

    "@oxc-resolver/binding-linux-s390x-gnu": ["@oxc-resolver/binding-linux-s390x-gnu@11.17.0", "", { "os": "linux", "cpu": "s390x" }, "sha512-Ow/yI+CrUHxIIhn/Y1sP/xoRKbCC3x9O1giKr3G/pjMe+TCJ5ZmfqVWU61JWwh1naC8X5Xa7uyLnbzyYqPsHfg=="],

    "@oxc-resolver/binding-linux-x64-gnu": ["@oxc-resolver/binding-linux-x64-gnu@11.17.0", "", { "os": "linux", "cpu": "x64" }, "sha512-Z4J7XlPMQOLPANyu6y3B3V417Md4LKH5bV6bhqgaG99qLHmU5LV2k9ErV14fSqoRc/GU/qOpqMdotxiJqN/YWg=="],

    "@oxc-resolver/binding-linux-x64-musl": ["@oxc-resolver/binding-linux-x64-musl@11.17.0", "", { "os": "linux", "cpu": "x64" }, "sha512-0effK+8lhzXsgsh0Ny2ngdnTPF30v6QQzVFApJ1Ctk315YgpGkghkelvrLYYgtgeFJFrzwmOJ2nDvCrUFKsS2Q=="],

    "@oxc-resolver/binding-openharmony-arm64": ["@oxc-resolver/binding-openharmony-arm64@11.17.0", "", { "os": "none", "cpu": "arm64" }, "sha512-kFB48dRUW6RovAICZaxHKdtZe+e94fSTNA2OedXokzMctoU54NPZcv0vUX5PMqyikLIKJBIlW7laQidnAzNrDA=="],

    "@oxc-resolver/binding-wasm32-wasi": ["@oxc-resolver/binding-wasm32-wasi@11.17.0", "", { "dependencies": { "@napi-rs/wasm-runtime": "^1.1.1" }, "cpu": "none" }, "sha512-a3elKSBLPT0OoRPxTkCIIc+4xnOELolEBkPyvdj01a6PSdSmyJ1NExWjWLaXnT6wBMblvKde5RmSwEi3j+jZpg=="],

    "@oxc-resolver/binding-win32-arm64-msvc": ["@oxc-resolver/binding-win32-arm64-msvc@11.17.0", "", { "os": "win32", "cpu": "arm64" }, "sha512-4eszUsSDb9YVx0RtYkPWkxxtSZIOgfeiX//nG5cwRRArg178w4RCqEF1kbKPud9HPrp1rXh7gE4x911OhvTnPg=="],

    "@oxc-resolver/binding-win32-ia32-msvc": ["@oxc-resolver/binding-win32-ia32-msvc@11.17.0", "", { "os": "win32", "cpu": "ia32" }, "sha512-t946xTXMmR7yGH0KAe9rB055/X4EPIu93JUvjchl2cizR5QbuwkUV7vLS2BS6x6sfvDoQb6rWYnV1HCci6tBSg=="],

    "@oxc-resolver/binding-win32-x64-msvc": ["@oxc-resolver/binding-win32-x64-msvc@11.17.0", "", { "os": "win32", "cpu": "x64" }, "sha512-pX6s2kMXLQg+hlqKk5UqOW09iLLxnTkvn8ohpYp2Mhsm2yzDPCx9dyOHiB/CQixLzTkLQgWWJykN4Z3UfRKW4Q=="],

    "@preact/signals": ["@preact/signals@2.8.1", "", { "dependencies": { "@preact/signals-core": "^1.13.0" }, "peerDependencies": { "preact": ">= 10.25.0 || >=11.0.0-0" } }, "sha512-wX6U0SpcCukZTJBs5ChljvBZb3XmYzA5gd4vKHgX8wZZKaQCo2WHtmThdLx+mcVvlBa5u3XShC7ffbETJD4BiQ=="],

    "@preact/signals-core": ["@preact/signals-core@1.13.0", "", {}, "sha512-slT6XeTCAbdql61GVLlGU4x7XHI7kCZV5Um5uhE4zLX4ApgiiXc0UYFvVOKq06xcovzp7p+61l68oPi563ARKg=="],

    "@test-errors/empty-layouts-dir": ["@test-errors/empty-layouts-dir@workspace:tests/errors/empty-layouts-dir"],

    "@test-errors/island-import-missing": ["@test-errors/island-import-missing@workspace:tests/errors/island-import-missing"],

    "@test-errors/island-render-failed": ["@test-errors/island-render-failed@workspace:tests/errors/island-render-failed"],

    "@test-errors/island-syntax-error": ["@test-errors/island-syntax-error@workspace:tests/errors/island-syntax-error"],

    "@test-errors/layout-no-default": ["@test-errors/layout-no-default@workspace:tests/errors/layout-no-default"],

    "@test-errors/layout-not-found": ["@test-errors/layout-not-found@workspace:tests/errors/layout-not-found"],

    "@test-errors/layout-syntax-error": ["@test-errors/layout-syntax-error@workspace:tests/errors/layout-syntax-error"],

    "@test-errors/missing-default-layout": ["@test-errors/missing-default-layout@workspace:tests/errors/missing-default-layout"],

    "@test-errors/no-layouts-dir": ["@test-errors/no-layouts-dir@workspace:tests/errors/no-layouts-dir"],

    "@test-errors/page-no-default-export": ["@test-errors/page-no-default-export@workspace:tests/errors/page-no-default-export"],

    "@test-errors/page-syntax-error": ["@test-errors/page-syntax-error@workspace:tests/errors/page-syntax-error"],

    "@test-errors/route-conflicts": ["@test-errors/route-conflicts@workspace:tests/errors/route-conflict"],

    "@test-errors/yaml-broken": ["@test-errors/yaml-broken@workspace:tests/errors/yaml-broken"],

    "@tybys/wasm-util": ["@tybys/wasm-util@0.10.1", "", { "dependencies": { "tslib": "^2.4.0" } }, "sha512-9tTaPJLSiejZKx+Bmog4uSubteqTvFrVrURwkmHixBo0G4seD0zUxp98E1DzUBJxLQ3NPwXrGKDiVjwx/DpPsg=="],

    "@types/bun": ["@types/bun@1.3.12", "", { "dependencies": { "bun-types": "1.3.12" } }, "sha512-DBv81elK+/VSwXHDlnH3Qduw+KxkTIWi7TXkAeh24zpi5l0B2kUg9Ga3tb4nJaPcOFswflgi/yAvMVBPrxMB+A=="],

    "@types/node": ["@types/node@25.2.1", "", { "dependencies": { "undici-types": "~7.16.0" } }, "sha512-CPrnr8voK8vC6eEtyRzvMpgp3VyVRhgclonE7qYi6P9sXwYb59ucfrnmFBTaP0yUi8Gk4yZg/LlTJULGxvTNsg=="],

    "@types/whatwg-mimetype": ["@types/whatwg-mimetype@3.0.2", "", {}, "sha512-c2AKvDT8ToxLIOUlN51gTiHXflsfIFisS4pO7pDPoKouJCESkhZnEy623gwP9laCy5lnLDAw1vAzu2vM2YLOrA=="],

    "@types/ws": ["@types/ws@8.18.1", "", { "dependencies": { "@types/node": "*" } }, "sha512-ThVF6DCVhA8kUGy+aazFQ4kXQ7E1Ty7A3ypFOe0IcJV8O/M511G99AW24irKrW56Wt44yG9+ij8FaqoBGkuBXg=="],

    "@vktrz/castro": ["@vktrz/castro@workspace:core"],

    "@vktrz/castro-dsl": ["@vktrz/castro-dsl@workspace:packages/castro-dsl"],

    "@vktrz/castro-jsx": ["@vktrz/castro-jsx@workspace:packages/castro-jsx"],

    "@vktrz/signals": ["@vktrz/signals@workspace:packages/signals"],

    "argparse": ["argparse@2.0.1", "", {}, "sha512-8+9WqebbFzpX9OR+Wa6O29asIogeRMzcGtAINdpMHHyAg10f05aSFVBbcEqGf/PXw1EjAZ+q2/bEBg3DvurK3Q=="],

    "boolbase": ["boolbase@1.0.0", "", {}, "sha512-JZOSA7Mo9sNGB8+UjSgzdLtokWAky1zbztM3WRLCbZ70/3cTANmQmOdR7y2g+J0e2WXywy1yS468tY+IruqEww=="],

    "braces": ["braces@3.0.3", "", { "dependencies": { "fill-range": "^7.1.1" } }, "sha512-yQbXgO/OSZVD2IsiLlro+7Hf6Q18EJrKSEsdoMzKePKXct3gvD8oLcOQdIzGupr5Fj+EDe8gO/lxc1BzfMpxvA=="],

    "buffer-image-size": ["buffer-image-size@0.6.4", "", { "dependencies": { "@types/node": "*" } }, "sha512-nEh+kZOPY1w+gcCMobZ6ETUp9WfibndnosbpwB1iJk/8Gt5ZF2bhS6+B6bPYz424KtwsR6Rflc3tCz1/ghX2dQ=="],

    "bun-types": ["bun-types@1.3.12", "", { "dependencies": { "@types/node": "*" } }, "sha512-HqOLj5PoFajAQciOMRiIZGNoKxDJSr6qigAttOX40vJuSp6DN/CxWp9s3C1Xwm4oH7ybueITwiaOcWXoYVoRkA=="],

    "create-castro": ["create-castro@workspace:packages/create-castro"],

    "css-select": ["css-select@5.2.2", "", { "dependencies": { "boolbase": "^1.0.0", "css-what": "^6.1.0", "domhandler": "^5.0.2", "domutils": "^3.0.1", "nth-check": "^2.0.1" } }, "sha512-TizTzUddG/xYLA3NXodFM0fSbNizXjOKhqiQQwvhlspadZokn1KDy0NZFS0wuEubIYAV5/c1/lAr0TaaFXEXzw=="],

    "css-what": ["css-what@6.2.2", "", {}, "sha512-u/O3vwbptzhMs3L1fQE82ZSLHQQfto5gyZzwteVIEyeaY5Fc7R4dapF/BvRoSYFeqfBk4m0V1Vafq5Pjv25wvA=="],

    "dom-serializer": ["dom-serializer@2.0.0", "", { "dependencies": { "domelementtype": "^2.3.0", "domhandler": "^5.0.2", "entities": "^4.2.0" } }, "sha512-wIkAryiqt/nV5EQKqQpo3SToSOV9J0DnbJqwK7Wv/Trc92zIAYZ4FlMu+JPFW1DfGFt81ZTCGgDEabffXeLyJg=="],

    "domelementtype": ["domelementtype@2.3.0", "", {}, "sha512-OLETBj6w0OsagBwdXnPdN0cnMfF9opN69co+7ZrbfPGrdpPVNBUj02spi6B1N7wChLQiPn4CSH/zJvXw56gmHw=="],

    "domhandler": ["domhandler@5.0.3", "", { "dependencies": { "domelementtype": "^2.3.0" } }, "sha512-cgwlv/1iFQiFnU96XXgROh8xTeetsnJiDsTc7TYCLFd9+/WNkIqPTxiM/8pSd8VIrhXGTf1Ny1q1hquVqDJB5w=="],

    "domutils": ["domutils@3.2.2", "", { "dependencies": { "dom-serializer": "^2.0.0", "domelementtype": "^2.3.0", "domhandler": "^5.0.3" } }, "sha512-6kZKyUajlDuqlHKVX1w7gyslj9MPIXzIFiz/rGu35uC1wMi+kMhQwGhl4lt9unC9Vb9INnY9Z3/ZA3+FhASLaw=="],

    "entities": ["entities@8.0.0", "", {}, "sha512-zwfzJecQ/Uej6tusMqwAqU/6KL2XaB2VZ2Jg54Je6ahNBGNH6Ek6g3jjNCF0fG9EWQKGZNddNjU5F1ZQn/sBnA=="],

    "fast-glob": ["fast-glob@3.3.3", "", { "dependencies": { "@nodelib/fs.stat": "^2.0.2", "@nodelib/fs.walk": "^1.2.3", "glob-parent": "^5.1.2", "merge2": "^1.3.0", "micromatch": "^4.0.8" } }, "sha512-7MptL8U0cqcFdzIzwOTHoilX9x5BrNqye7Z/LuC7kCMRio1EMSyqRK3BEAUD7sXRq4iT4AzTVuZdhgQ2TCvYLg=="],

    "fastq": ["fastq@1.20.1", "", { "dependencies": { "reusify": "^1.0.4" } }, "sha512-GGToxJ/w1x32s/D2EKND7kTil4n8OVk/9mycTc4VDza13lOvpUZTGX3mFSCtV9ksdGBVzvsyAVLM6mHFThxXxw=="],

    "fd-package-json": ["fd-package-json@2.0.0", "", { "dependencies": { "walk-up-path": "^4.0.0" } }, "sha512-jKmm9YtsNXN789RS/0mSzOC1NUq9mkVd65vbSSVsKdjGvYXBuE4oWe2QOEoFeRmJg+lPuZxpmrfFclNhoRMneQ=="],

    "fill-range": ["fill-range@7.1.1", "", { "dependencies": { "to-regex-range": "^5.0.1" } }, "sha512-YsGpe3WHLK8ZYi4tWDg2Jy3ebRz2rXowDxnld4bkQB00cc/1Zw9AWnC0i9ztDJitivtQvaI9KaLyKrc+hBW0yg=="],

    "formatly": ["formatly@0.3.0", "", { "dependencies": { "fd-package-json": "^2.0.0" }, "bin": { "formatly": "bin/index.mjs" } }, "sha512-9XNj/o4wrRFyhSMJOvsuyMwy8aUfBaZ1VrqHVfohyXf0Sw0e+yfKG+xZaY3arGCOMdwFsqObtzVOc1gU9KiT9w=="],

    "glob-parent": ["glob-parent@5.1.2", "", { "dependencies": { "is-glob": "^4.0.1" } }, "sha512-AOIgSQCepiJYwP3ARnGx+5VnTu2HBYdzbGP45eLw1vr3zB3vZLeyed1sC9hnbcOc9/SrMyM5RPQrkGz4aS9Zow=="],

    "happy-dom": ["happy-dom@20.10.6", "", { "dependencies": { "@types/node": ">=20.0.0", "@types/whatwg-mimetype": "^3.0.2", "@types/ws": "^8.18.1", "buffer-image-size": "^0.6.4", "entities": "^7.0.1", "whatwg-mimetype": "^3.0.0", "ws": "^8.21.0" } }, "sha512-6QD0ilzDDt93tX44y8tbmZdAcdTRYDhUP+Asgi6pC8Pp5IA3cvaZGyoVN/EGtlq9ziT65iPuBBn3ASLr6hCgVw=="],

    "is-extglob": ["is-extglob@2.1.1", "", {}, "sha512-SbKbANkN603Vi4jEZv49LeVJMn4yGwsbzZworEoyEiutsN3nJYdbO36zfhGJ6QEDpOZIFkDtnq5JRxmvl3jsoQ=="],

    "is-glob": ["is-glob@4.0.3", "", { "dependencies": { "is-extglob": "^2.1.1" } }, "sha512-xelSayHH36ZgE7ZWhli7pW34hNbNl8Ojv5KVmkJD4hBdD3th8Tfk9vYasLM+mXWOZhFkgZfxhLSnrwRr4elSSg=="],

    "is-number": ["is-number@7.0.0", "", {}, "sha512-41Cifkg6e8TylSpdtTpeLVMqvSBEVzTttHvERD741+pnZ8ANv0004MRL43QKPDlK9cGvNp6NZWZUBlbGXYxxng=="],

    "jiti": ["jiti@2.6.1", "", { "bin": { "jiti": "lib/jiti-cli.mjs" } }, "sha512-ekilCSN1jwRvIbgeg/57YFh8qQDNbwDb9xT/qu2DAHbFFZUicIl4ygVaAvzveMhMVr3LnpSKTNnwt8PoOfmKhQ=="],

    "js-yaml": ["js-yaml@4.1.1", "", { "dependencies": { "argparse": "^2.0.1" }, "bin": { "js-yaml": "bin/js-yaml.js" } }, "sha512-qQKT4zQxXl8lLwBtHMWwaTcGfFOZviOJet3Oy/xmGk2gZH677CJM9EvtfdSkgWcATZhj/55JZ0rmy3myCT5lsA=="],

    "knip": ["knip@5.83.0", "", { "dependencies": { "@nodelib/fs.walk": "^1.2.3", "fast-glob": "^3.3.3", "formatly": "^0.3.0", "jiti": "^2.6.0", "js-yaml": "^4.1.1", "minimist": "^1.2.8", "oxc-resolver": "^11.15.0", "picocolors": "^1.1.1", "picomatch": "^4.0.1", "smol-toml": "^1.5.2", "strip-json-comments": "5.0.3", "zod": "^4.1.11" }, "peerDependencies": { "@types/node": ">=18", "typescript": ">=5.0.4 <7" }, "bin": { "knip": "bin/knip.js", "knip-bun": "bin/knip-bun.js" } }, "sha512-FfmaHMntpZB13B1oJQMSs1hTOZxd0TOn+FYB3oWEI02XlxTW3RH4H7d8z5Us3g0ziHCYyl7z0B1xi8ENP3QEKA=="],

    "merge2": ["merge2@1.4.1", "", {}, "sha512-8q7VEgMJW4J8tcfVPy8g09NcQwZdbwFEqhe/WZkoIzjn/3TGDwtOCYtXGxA3O8tPzpczCCDgv+P2P5y00ZJOOg=="],

    "micromatch": ["micromatch@4.0.8", "", { "dependencies": { "braces": "^3.0.3", "picomatch": "^2.3.1" } }, "sha512-PXwfBhYu0hBCPw8Dn0E+WDYb7af3dSLVWKi3HGv84IdF4TyFoC0ysxFd0Goxw7nSv4T/PzEJQxsYsEiFCKo2BA=="],

    "minimist": ["minimist@1.2.8", "", {}, "sha512-2yyAR8qBkN3YuheJanUpWC5U3bb5osDywNB8RzDVlDwDHbocAJveqqj1u8+SVD7jkWT4yvsHCpWqqWqAxb0zCA=="],

    "node-html-parser": ["node-html-parser@8.0.4", "", { "dependencies": { "css-select": "^5.1.0", "entities": "^8.0.0" } }, "sha512-w2YxujN/TqrSIWGVNW/fVgKKfAyQeHMXCvnKZI0owLnfP0tfjdLecUoy9zhOMZGoEFk6eP5qSDyvUarjPl3bwQ=="],

    "nth-check": ["nth-check@2.1.1", "", { "dependencies": { "boolbase": "^1.0.0" } }, "sha512-lqjrjmaOoAnWfMmBPL+XNnynZh2+swxiX3WUE0s4yEHI6m+AwrK2UZOimIRl3X/4QctVqS8AiZjFqyOGrMXb/w=="],

    "oxc-resolver": ["oxc-resolver@11.17.0", "", { "optionalDependencies": { "@oxc-resolver/binding-android-arm-eabi": "11.17.0", "@oxc-resolver/binding-android-arm64": "11.17.0", "@oxc-resolver/binding-darwin-arm64": "11.17.0", "@oxc-resolver/binding-darwin-x64": "11.17.0", "@oxc-resolver/binding-freebsd-x64": "11.17.0", "@oxc-resolver/binding-linux-arm-gnueabihf": "11.17.0", "@oxc-resolver/binding-linux-arm-musleabihf": "11.17.0", "@oxc-resolver/binding-linux-arm64-gnu": "11.17.0", "@oxc-resolver/binding-linux-arm64-musl": "11.17.0", "@oxc-resolver/binding-linux-ppc64-gnu": "11.17.0", "@oxc-resolver/binding-linux-riscv64-gnu": "11.17.0", "@oxc-resolver/binding-linux-riscv64-musl": "11.17.0", "@oxc-resolver/binding-linux-s390x-gnu": "11.17.0", "@oxc-resolver/binding-linux-x64-gnu": "11.17.0", "@oxc-resolver/binding-linux-x64-musl": "11.17.0", "@oxc-resolver/binding-openharmony-arm64": "11.17.0", "@oxc-resolver/binding-wasm32-wasi": "11.17.0", "@oxc-resolver/binding-win32-arm64-msvc": "11.17.0", "@oxc-resolver/binding-win32-ia32-msvc": "11.17.0", "@oxc-resolver/binding-win32-x64-msvc": "11.17.0" } }, "sha512-R5P2Tw6th+nQJdNcZGfuppBS/sM0x1EukqYffmlfX2xXLgLGCCPwu4ruEr9Sx29mrpkHgITc130Qps2JR90NdQ=="],

    "picocolors": ["picocolors@1.1.1", "", {}, "sha512-xceH2snhtb5M9liqDsmEw56le376mTZkEX/jEb/RxNFyegNul7eNslCXP9FDj/Lcu0X8KEyMceP2ntpaHrDEVA=="],

    "picomatch": ["picomatch@4.0.3", "", {}, "sha512-5gTmgEY/sqK6gFXLIsQNH19lWb4ebPDLA4SdLP7dsWkIXHWlG66oPuVvXSGFPppYZz8ZDZq0dYYrbHfBCVUb1Q=="],

    "preact": ["preact@10.28.3", "", {}, "sha512-tCmoRkPQLpBeWzpmbhryairGnhW9tKV6c6gr/w+RhoRoKEJwsjzipwp//1oCpGPOchvSLaAPlpcJi9MwMmoPyA=="],

    "preact-render-to-string": ["preact-render-to-string@6.6.5", "", { "peerDependencies": { "preact": ">=10 || >= 11.0.0-0" } }, "sha512-O6MHzYNIKYaiSX3bOw0gGZfEbOmlIDtDfWwN1JJdc/T3ihzRT6tGGSEWE088dWrEDGa1u7101q+6fzQnO9XCPA=="],

    "prettier": ["prettier@3.9.0", "", { "bin": { "prettier": "bin/prettier.cjs" } }, "sha512-LjIqSIC5VYLzs9WedVmJ2ljNAGnU+DteIClbahu4L/DBeWjZ6iT/k1lAYyu9JUh+1xINxWadaPw/Pl63y/agAw=="],

    "queue-microtask": ["queue-microtask@1.2.3", "", {}, "sha512-NuaNSa6flKT5JaSYQzJok04JzTL1CA6aGhv5rfLW3PgqA+M2ChpZQnAC8h8i4ZFkBS8X5RqkDBHA7r4hej3K9A=="],

    "reusify": ["reusify@1.1.0", "", {}, "sha512-g6QUff04oZpHs0eG5p83rFLhHeV00ug/Yf9nZM6fLeUrPguBTkTQOdpAWWspMh55TZfVQDPaN3NQJfbVRAxdIw=="],

    "run-parallel": ["run-parallel@1.2.0", "", { "dependencies": { "queue-microtask": "^1.2.2" } }, "sha512-5l4VyZR86LZ/lDxZTR6jqL8AFE2S0IFLMP26AbjsLVADxHdhB/c0GUsH+y39UfCi3dzz8OlQuPmnaJOMoDHQBA=="],

    "smol-toml": ["smol-toml@1.6.0", "", {}, "sha512-4zemZi0HvTnYwLfrpk/CF9LOd9Lt87kAt50GnqhMpyF9U3poDAP2+iukq2bZsO/ufegbYehBkqINbsWxj4l4cw=="],

    "strip-json-comments": ["strip-json-comments@5.0.3", "", {}, "sha512-1tB5mhVo7U+ETBKNf92xT4hrQa3pm0MZ0PQvuDnWgAAGHDsfp4lPSpiS6psrSiet87wyGPh9ft6wmhOMQ0hDiw=="],

    "test-site": ["test-site@workspace:tests/site"],

    "to-regex-range": ["to-regex-range@5.0.1", "", { "dependencies": { "is-number": "^7.0.0" } }, "sha512-65P7iz6X5yEr1cwcgvQxbbIw7Uk3gOy5dIdtZ4rDveLqhrdJP+Li/Hx6tyK0NEb+2GCyneCMJiGqrADCSNk8sQ=="],

    "tslib": ["tslib@2.8.1", "", {}, "sha512-oJFu94HQb+KVduSUQL7wnpmqnfmLsOA/nAh6b6EH0wCEoK0/mPeXU6c3wKDV83MkOuHPRHtSXKKU99IBazS/2w=="],

    "typescript": ["typescript@6.0.2", "", { "bin": { "tsc": "bin/tsc", "tsserver": "bin/tsserver" } }, "sha512-bGdAIrZ0wiGDo5l8c++HWtbaNCWTS4UTv7RaTH/ThVIgjkveJt83m74bBHMJkuCbslY8ixgLBVZJIOiQlQTjfQ=="],

    "undici-types": ["undici-types@7.16.0", "", {}, "sha512-Zz+aZWSj8LE6zoxD+xrjh4VfkIG8Ya6LvYkZqtUQGJPZjYl53ypCaUwWqo7eI0x66KBGeRo+mlBEkMSeSZ38Nw=="],

    "walk-up-path": ["walk-up-path@4.0.0", "", {}, "sha512-3hu+tD8YzSLGuFYtPRb48vdhKMi0KQV5sn+uWr8+7dMEq/2G/dtLrdDinkLjqq5TIbIBjYJ4Ax/n3YiaW7QM8A=="],

    "website": ["website@workspace:website"],

    "whatwg-mimetype": ["whatwg-mimetype@3.0.0", "", {}, "sha512-nt+N2dzIutVRxARx1nghPKGv1xHikU7HKdfafKkLNLindmPU/ch3U31NOCGGA/dmPcmb1VlofO0vnKAcsm0o/Q=="],

    "ws": ["ws@8.21.0", "", { "peerDependencies": { "bufferutil": "^4.0.1", "utf-8-validate": ">=5.0.2" }, "optionalPeers": ["bufferutil", "utf-8-validate"] }, "sha512-Vsp28b7DRcimFQvrqu2Wek3z1iYxDCWqHYB8Qsnk/S4RfaCQzPGPyBNuVjJV3cd6UiKtUtp6sNM77gWvzcCH+g=="],

    "zod": ["zod@4.3.6", "", {}, "sha512-rftlrkhHZOcjDwkGlnUtZZkvaPHCsDATp4pGpuOOMDaTdDDXF91wuVDJoWoPsKX/3YPQ5fHuF3STjcYyKr+Qhg=="],

    "dom-serializer/entities": ["entities@4.5.0", "", {}, "sha512-V0hjH4dGPh9Ao5p0MoRY6BVqtwCjhz6vI5LT8AJ55H+4g9/4vbHx1I54fS0XuclLhDHArPQCiMjDxjaL8fPxhw=="],

    "happy-dom/entities": ["entities@7.0.1", "", {}, "sha512-TWrgLOFUQTH994YUyl1yT4uyavY5nNB5muff+RtWaqNVCAK408b5ZnnbNAUEWLTCpum9w6arT70i1XdQ4UeOPA=="],

    "micromatch/picomatch": ["picomatch@2.3.1", "", {}, "sha512-JU3teHTNjmE2VCGFzuY8EXzCDVwEqB2a8fsIvwaStHhAWJEeVd1o1QD80CU6+ZdEXXSLbSsuLwJjkCBWqRQUVA=="],
  }
}
